{
  "name": "myapp",
  "version": "1.0.0",
  "lockfileVersion": 2,
  "requires": true,
  "packages": {
    "": {
      "name": "myapp",
      "version": "1.0.0",
      "license": "ISC",
      "dependencies": {
        "@cahmoraes93/fluentsql": "^2.0.0"
      }
    },
    "node_modules/@cahmoraes93/fluentsql": {
      "version": "2.0.0",
      "resolved": "https://registry.npmjs.org/@cahmoraes93/fluentsql/-/fluentsql-2.0.0.tgz",
      "integrity": "sha512-Q/sLD1nYTeakiWt9+jPrXRzqfEHYK8w4eAOVAMv/OmrgzJlyFCqGsF3LCnZ/0KkMkep+R8teQYiNZsEC4f9owA=="
    }
  },
  "dependencies": {
    "@cahmoraes93/fluentsql": {
      "version": "2.0.0",
      "resolved": "https://registry.npmjs.org/@cahmoraes93/fluentsql/-/fluentsql-2.0.0.tgz",
      "integrity": "sha512-Q/sLD1nYTeakiWt9+jPrXRzqfEHYK8w4eAOVAMv/OmrgzJlyFCqGsF3LCnZ/0KkMkep+R8teQYiNZsEC4f9owA=="
    }
  }
}
